
Microsoft Visual Studio Solution File, Format Version 12.00
# Visual Studio Version 16
VisualStudioVersion = 16.0.31019.35
MinimumVisualStudioVersion = 10.0.40219.1
Project("{FAE04EC0-301F-11D3-BF4B-00C04F79EFBC}") = "MileAway", "MileAway\MileAway.csproj", "{7AC5207F-A15D-4998-AD11-062E3280096F}"
EndProject
Global
	GlobalSection(SolutionConfigurationPlatforms) = preSolution
		Debug|Any CPU = Debug|Any CPU
		Release|Any CPU = Release|Any CPU
	EndGlobalSection
	GlobalSection(ProjectConfigurationPlatforms) = postSolution
		{7AC5207F-A15D-4998-AD11-062E3280096F}.Debug|Any CPU.ActiveCfg = Debug|Any CPU
		{7AC5207F-A15D-4998-AD11-062E3280096F}.Debug|Any CPU.Build.0 = Debug|Any CPU
		{7AC5207F-A15D-4998-AD11-062E3280096F}.Release|Any CPU.ActiveCfg = Release|Any CPU
		{7AC5207F-A15D-4998-AD11-062E3280096F}.Release|Any CPU.Build.0 = Release|Any CPU
	EndGlobalSection
	GlobalSection(SolutionProperties) = preSolution
		HideSolutionNode = FALSE
	EndGlobalSection
	GlobalSection(ExtensibilityGlobals) = postSolution
		SolutionGuid = {6D2B9866-8597-47CF-8E88-15B7716FE01B}
	EndGlobalSection
EndGlobal
